
Microsoft Visual Studio Solution File, Format Version 12.00
Project("{FAE04EC0-301F-11D3-BF4B-00C04F79EFBC}") = "Api", "Api\Api.csproj", "{84534200-EE79-461F-8364-478E8E0250FE}"
EndProject
Project("{FAE04EC0-301F-11D3-BF4B-00C04F79EFBC}") = "Example.Integrator", "Example.Integrator\Example.Integrator.csproj", "{DE3C9599-22E3-45DF-9B6E-72975ECBFCDA}"
EndProject
Project("{FAE04EC0-301F-11D3-BF4B-00C04F79EFBC}") = "Api.Client", "Api.Client\Api.Client.csproj", "{64E38952-FE1F-4ADE-91FC-D8AEDF42080C}"
EndProject
Global
	GlobalSection(SolutionConfigurationPlatforms) = preSolution
		Debug|Any CPU = Debug|Any CPU
		Release|Any CPU = Release|Any CPU
	EndGlobalSection
	GlobalSection(ProjectConfigurationPlatforms) = postSolution
		{84534200-EE79-461F-8364-478E8E0250FE}.Debug|Any CPU.ActiveCfg = Debug|Any CPU
		{84534200-EE79-461F-8364-478E8E0250FE}.Debug|Any CPU.Build.0 = Debug|Any CPU
		{84534200-EE79-461F-8364-478E8E0250FE}.Release|Any CPU.ActiveCfg = Release|Any CPU
		{84534200-EE79-461F-8364-478E8E0250FE}.Release|Any CPU.Build.0 = Release|Any CPU
		{DE3C9599-22E3-45DF-9B6E-72975ECBFCDA}.Debug|Any CPU.ActiveCfg = Debug|Any CPU
		{DE3C9599-22E3-45DF-9B6E-72975ECBFCDA}.Debug|Any CPU.Build.0 = Debug|Any CPU
		{DE3C9599-22E3-45DF-9B6E-72975ECBFCDA}.Release|Any CPU.ActiveCfg = Release|Any CPU
		{DE3C9599-22E3-45DF-9B6E-72975ECBFCDA}.Release|Any CPU.Build.0 = Release|Any CPU
		{64E38952-FE1F-4ADE-91FC-D8AEDF42080C}.Debug|Any CPU.ActiveCfg = Debug|Any CPU
		{64E38952-FE1F-4ADE-91FC-D8AEDF42080C}.Debug|Any CPU.Build.0 = Debug|Any CPU
		{64E38952-FE1F-4ADE-91FC-D8AEDF42080C}.Release|Any CPU.ActiveCfg = Release|Any CPU
		{64E38952-FE1F-4ADE-91FC-D8AEDF42080C}.Release|Any CPU.Build.0 = Release|Any CPU
	EndGlobalSection
EndGlobal
